
Microsoft Visual Studio Solution File, Format Version 12.00
# Visual Studio Version 17
VisualStudioVersion = 17.4.33110.190
MinimumVisualStudioVersion = 10.0.40219.1
Project("{FAE04EC0-301F-11D3-BF4B-00C04F79EFBC}") = "Calculator", "Calculator\Calculator.csproj", "{BD109197-A282-4452-B458-45209B77D923}"
EndProject
Global
	GlobalSection(SolutionConfigurationPlatforms) = preSolution
		Debug|Any CPU = Debug|Any CPU
		Release|Any CPU = Release|Any CPU
	EndGlobalSection
	GlobalSection(ProjectConfigurationPlatforms) = postSolution
		{BD109197-A282-4452-B458-45209B77D923}.Debug|Any CPU.ActiveCfg = Debug|Any CPU
		{BD109197-A282-4452-B458-45209B77D923}.Debug|Any CPU.Build.0 = Debug|Any CPU
		{BD109197-A282-4452-B458-45209B77D923}.Release|Any CPU.ActiveCfg = Release|Any CPU
		{BD109197-A282-4452-B458-45209B77D923}.Release|Any CPU.Build.0 = Release|Any CPU
	EndGlobalSection
	GlobalSection(SolutionProperties) = preSolution
		HideSolutionNode = FALSE
	EndGlobalSection
	GlobalSection(ExtensibilityGlobals) = postSolution
		SolutionGuid = {31D85295-5000-4FD5-85C9-64CF0C124BE6}
	EndGlobalSection
EndGlobal
